// !$*UTF8*$!
{
	archiveVersion = 1;
	classes = {
	};
	objectVersion = 55;
	objects = {

/* Begin PBXBuildFile section */
		4F01FD4D2929C17000F9766E /* ReplyViewController.swift in Sources */ = {isa = PBXBuildFile; fileRef = 4F01FD4C2929C17000F9766E /* ReplyViewController.swift */; };
		4F0907EB286839C900C4ED72 /* AppDelegate.swift in Sources */ = {isa = PBXBuildFile; fileRef = 4F0907EA286839C900C4ED72 /* AppDelegate.swift */; };
		4F0907ED286839C900C4ED72 /* SceneDelegate.swift in Sources */ = {isa = PBXBuildFile; fileRef = 4F0907EC286839C900C4ED72 /* SceneDelegate.swift */; };
		4F0907EF286839C900C4ED72 /* ViewController.swift in Sources */ = {isa = PBXBuildFile; fileRef = 4F0907EE286839C900C4ED72 /* ViewController.swift */; };
		4F0907F2286839C900C4ED72 /* Main.storyboard in Resources */ = {isa = PBXBuildFile; fileRef = 4F0907F0286839C900C4ED72 /* Main.storyboard */; };
		4F0907F4286839CB00C4ED72 /* Assets.xcassets in Resources */ = {isa = PBXBuildFile; fileRef = 4F0907F3286839CB00C4ED72 /* Assets.xcassets */; };
		4F0907F7286839CB00C4ED72 /* LaunchScreen.storyboard in Resources */ = {isa = PBXBuildFile; fileRef = 4F0907F5286839CB00C4ED72 /* LaunchScreen.storyboard */; };
		4F1A703629178B15001532CB /* スクリーンショット 2022-11-06 15.20.39.png in Resources */ = {isa = PBXBuildFile; fileRef = 4F1A703529178B15001532CB /* スクリーンショット 2022-11-06 15.20.39.png */; };
		4F2AEBC6289F697F0052AA5E /* AddViewController.swift in Sources */ = {isa = PBXBuildFile; fileRef = 4F2AEBC5289F697F0052AA5E /* AddViewController.swift */; };
		4F2AEBC8289F805D0052AA5E /* PostViewController.swift in Sources */ = {isa = PBXBuildFile; fileRef = 4F2AEBC7289F805D0052AA5E /* PostViewController.swift */; };
		4F2AEBCA289F82260052AA5E /* UserViewController.swift in Sources */ = {isa = PBXBuildFile; fileRef = 4F2AEBC9289F82260052AA5E /* UserViewController.swift */; };
		4F2AEBCC289F83EF0052AA5E /* AccountViewController.swift in Sources */ = {isa = PBXBuildFile; fileRef = 4F2AEBCB289F83EF0052AA5E /* AccountViewController.swift */; };
		4F2AEBD6289FC9BC0052AA5E /* Home.png in Resources */ = {isa = PBXBuildFile; fileRef = 4F2AEBD5289FC9BC0052AA5E /* Home.png */; };
		4F2AEBDA289FCAC40052AA5E /* Profile.png in Resources */ = {isa = PBXBuildFile; fileRef = 4F2AEBD9289FCAC40052AA5E /* Profile.png */; };
		4F2AEBDC289FCBD20052AA5E /* Notification.png in Resources */ = {isa = PBXBuildFile; fileRef = 4F2AEBDB289FCBD20052AA5E /* Notification.png */; };
		4F644B2828CD9E9B00196D8E /* GoogleService-Info.plist in Resources */ = {isa = PBXBuildFile; fileRef = 4F644B2728CD9E9B00196D8E /* GoogleService-Info.plist */; };
		4F76CACB298F4A3A00453659 /* SteiViewController.swift in Sources */ = {isa = PBXBuildFile; fileRef = 4F76CACA298F4A3A00453659 /* SteiViewController.swift */; };
		4F9621EE2905013400975DD8 /* Mainのコピー.storyboard in Resources */ = {isa = PBXBuildFile; fileRef = 4F9621EC2905013300975DD8 /* Mainのコピー.storyboard */; };
		4FC43641289F5C0D000F2AC8 /* Background2.png in Resources */ = {isa = PBXBuildFile; fileRef = 4FC43640289F5C0D000F2AC8 /* Background2.png */; };
		4FE5118A294ED147005E8714 /* CommentViewController.swift in Sources */ = {isa = PBXBuildFile; fileRef = 4FE51189294ED147005E8714 /* CommentViewController.swift */; };
		797764E4A06F468D63D01E09 /* Pods_We_are_friend.framework in Frameworks */ = {isa = PBXBuildFile; fileRef = 4820B30D05310A0E6BA6055B /* Pods_We_are_friend.framework */; };
/* End PBXBuildFile section */

/* Begin PBXFileReference section */
		15E3EAB78194D25917A96FF2 /* Pods-We are friend.release.xcconfig */ = {isa = PBXFileReference; includeInIndex = 1; lastKnownFileType = text.xcconfig; name = "Pods-We are friend.release.xcconfig"; path = "Target Support Files/Pods-We are friend/Pods-We are friend.release.xcconfig"; sourceTree = "<group>"; };
		4820B30D05310A0E6BA6055B /* Pods_We_are_friend.framework */ = {isa = PBXFileReference; explicitFileType = wrapper.framework; includeInIndex = 0; path = Pods_We_are_friend.framework; sourceTree = BUILT_PRODUCTS_DIR; };
		4F01FD4C2929C17000F9766E /* ReplyViewController.swift */ = {isa = PBXFileReference; lastKnownFileType = sourcecode.swift; path = ReplyViewController.swift; sourceTree = "<group>"; };
		4F0907E7286839C900C4ED72 /* We are friend.app */ = {isa = PBXFileReference; explicitFileType = wrapper.application; includeInIndex = 0; path = "We are friend.app"; sourceTree = BUILT_PRODUCTS_DIR; };
		4F0907EA286839C900C4ED72 /* AppDelegate.swift */ = {isa = PBXFileReference; lastKnownFileType = sourcecode.swift; path = AppDelegate.swift; sourceTree = "<group>"; };
		4F0907EC286839C900C4ED72 /* SceneDelegate.swift */ = {isa = PBXFileReference; lastKnownFileType = sourcecode.swift; path = SceneDelegate.swift; sourceTree = "<group>"; };
		4F0907EE286839C900C4ED72 /* ViewController.swift */ = {isa = PBXFileReference; lastKnownFileType = sourcecode.swift; path = ViewController.swift; sourceTree = "<group>"; };
		4F0907F1286839C900C4ED72 /* Base */ = {isa = PBXFileReference; lastKnownFileType = file.storyboard; name = Base; path = Base.lproj/Main.storyboard; sourceTree = "<group>"; };
		4F0907F3286839CB00C4ED72 /* Assets.xcassets */ = {isa = PBXFileReference; lastKnownFileType = folder.assetcatalog; path = Assets.xcassets; sourceTree = "<group>"; };
		4F0907F6286839CB00C4ED72 /* Base */ = {isa = PBXFileReference; lastKnownFileType = file.storyboard; name = Base; path = Base.lproj/LaunchScreen.storyboard; sourceTree = "<group>"; };
		4F0907F8286839CB00C4ED72 /* Info.plist */ = {isa = PBXFileReference; lastKnownFileType = text.plist.xml; path = Info.plist; sourceTree = "<group>"; };
		4F1A703529178B15001532CB /* スクリーンショット 2022-11-06 15.20.39.png */ = {isa = PBXFileReference; lastKnownFileType = image.png; name = "スクリーンショット 2022-11-06 15.20.39.png"; path = "マーク/スクリーンショット 2022-11-06 15.20.39.png"; sourceTree = SOURCE_ROOT; };
		4F2AEBC5289F697F0052AA5E /* AddViewController.swift */ = {isa = PBXFileReference; lastKnownFileType = sourcecode.swift; path = AddViewController.swift; sourceTree = "<group>"; };
		4F2AEBC7289F805D0052AA5E /* PostViewController.swift */ = {isa = PBXFileReference; lastKnownFileType = sourcecode.swift; path = PostViewController.swift; sourceTree = "<group>"; };
		4F2AEBC9289F82260052AA5E /* UserViewController.swift */ = {isa = PBXFileReference; lastKnownFileType = sourcecode.swift; path = UserViewController.swift; sourceTree = "<group>"; };
		4F2AEBCB289F83EF0052AA5E /* AccountViewController.swift */ = {isa = PBXFileReference; lastKnownFileType = sourcecode.swift; path = AccountViewController.swift; sourceTree = "<group>"; };
		4F2AEBD5289FC9BC0052AA5E /* Home.png */ = {isa = PBXFileReference; lastKnownFileType = image.png; name = Home.png; path = "マーク/Home.png"; sourceTree = SOURCE_ROOT; };
		4F2AEBD9289FCAC40052AA5E /* Profile.png */ = {isa = PBXFileReference; lastKnownFileType = image.png; name = Profile.png; path = "マーク/Profile.png"; sourceTree = SOURCE_ROOT; };
		4F2AEBDB289FCBD20052AA5E /* Notification.png */ = {isa = PBXFileReference; lastKnownFileType = image.png; name = Notification.png; path = "マーク/Notification.png"; sourceTree = SOURCE_ROOT; };
		4F644B2728CD9E9B00196D8E /* GoogleService-Info.plist */ = {isa = PBXFileReference; fileEncoding = 4; lastKnownFileType = text.plist.xml; name = "GoogleService-Info.plist"; path = "../../GoogleService-Info.plist"; sourceTree = "<group>"; };
		4F76CACA298F4A3A00453659 /* SteiViewController.swift */ = {isa = PBXFileReference; lastKnownFileType = sourcecode.swift; path = SteiViewController.swift; sourceTree = "<group>"; };
		4F9621ED2905013300975DD8 /* Base */ = {isa = PBXFileReference; lastKnownFileType = file.storyboard; name = Base; path = "Base.lproj/Mainのコピー.storyboard"; sourceTree = "<group>"; };
		4FC43640289F5C0D000F2AC8 /* Background2.png */ = {isa = PBXFileReference; lastKnownFileType = image.png; name = Background2.png; path = "マーク/Background2.png"; sourceTree = SOURCE_ROOT; };
		4FE51189294ED147005E8714 /* CommentViewController.swift */ = {isa = PBXFileReference; lastKnownFileType = sourcecode.swift; path = CommentViewController.swift; sourceTree = "<group>"; };
		5738FE630E960400BA374C9C /* Pods-We are friend.debug.xcconfig */ = {isa = PBXFileReference; includeInIndex = 1; lastKnownFileType = text.xcconfig; name = "Pods-We are friend.debug.xcconfig"; path = "Target Support Files/Pods-We are friend/Pods-We are friend.debug.xcconfig"; sourceTree = "<group>"; };
/* End PBXFileReference section */

/* Begin PBXFrameworksBuildPhase section */
		4F0907E4286839C900C4ED72 /* Frameworks */ = {
			isa = PBXFrameworksBuildPhase;
			buildActionMask = 2147483647;
			files = (
				797764E4A06F468D63D01E09 /* Pods_We_are_friend.framework in Frameworks */,
			);
			runOnlyForDeploymentPostprocessing = 0;
		};
/* End PBXFrameworksBuildPhase section */

/* Begin PBXGroup section */
		4F0907DE286839C900C4ED72 = {
			isa = PBXGroup;
			children = (
				4F0907E9286839C900C4ED72 /* We are friend */,
				4F0907E8286839C900C4ED72 /* Products */,
				6BC87B76670EE2EADF24A3B2 /* Pods */,
				CAA1C002C9D4F7EB26297021 /* Frameworks */,
			);
			sourceTree = "<group>";
		};
		4F0907E8286839C900C4ED72 /* Products */ = {
			isa = PBXGroup;
			children = (
				4F0907E7286839C900C4ED72 /* We are friend.app */,
			);
			name = Products;
			sourceTree = "<group>";
		};
		4F0907E9286839C900C4ED72 /* We are friend */ = {
			isa = PBXGroup;
			children = (
				4F1A703529178B15001532CB /* スクリーンショット 2022-11-06 15.20.39.png */,
				4F2AEBDB289FCBD20052AA5E /* Notification.png */,
				4F2AEBD9289FCAC40052AA5E /* Profile.png */,
				4F2AEBD5289FC9BC0052AA5E /* Home.png */,
				4FC43640289F5C0D000F2AC8 /* Background2.png */,
				4F0907EA286839C900C4ED72 /* AppDelegate.swift */,
				4F0907EC286839C900C4ED72 /* SceneDelegate.swift */,
				4F0907EE286839C900C4ED72 /* ViewController.swift */,
				4F2AEBC5289F697F0052AA5E /* AddViewController.swift */,
				4F0907F0286839C900C4ED72 /* Main.storyboard */,
				4F9621EC2905013300975DD8 /* Mainのコピー.storyboard */,
				4F0907F3286839CB00C4ED72 /* Assets.xcassets */,
				4F0907F5286839CB00C4ED72 /* LaunchScreen.storyboard */,
				4F0907F8286839CB00C4ED72 /* Info.plist */,
				4F644B2728CD9E9B00196D8E /* GoogleService-Info.plist */,
				4F2AEBCB289F83EF0052AA5E /* AccountViewController.swift */,
				4F2AEBC9289F82260052AA5E /* UserViewController.swift */,
				4F01FD4C2929C17000F9766E /* ReplyViewController.swift */,
				4F2AEBC7289F805D0052AA5E /* PostViewController.swift */,
				4FE51189294ED147005E8714 /* CommentViewController.swift */,
				4F76CACA298F4A3A00453659 /* SteiViewController.swift */,
			);
			path = "We are friend";
			sourceTree = "<group>";
		};
		6BC87B76670EE2EADF24A3B2 /* Pods */ = {
			isa = PBXGroup;
			children = (
				5738FE630E960400BA374C9C /* Pods-We are friend.debug.xcconfig */,
				15E3EAB78194D25917A96FF2 /* Pods-We are friend.release.xcconfig */,
			);
			path = Pods;
			sourceTree = "<group>";
		};
		CAA1C002C9D4F7EB26297021 /* Frameworks */ = {
			isa = PBXGroup;
			children = (
				4820B30D05310A0E6BA6055B /* Pods_We_are_friend.framework */,
			);
			name = Frameworks;
			sourceTree = "<group>";
		};
/* End PBXGroup section */

/* Begin PBXNativeTarget section */
		4F0907E6286839C900C4ED72 /* We are friend */ = {
			isa = PBXNativeTarget;
			buildConfigurationList = 4F0907FB286839CB00C4ED72 /* Build configuration list for PBXNativeTarget "We are friend" */;
			buildPhases = (
				0F1A6E7E66307B0CA6890D76 /* [CP] Check Pods Manifest.lock */,
				4F0907E3286839C900C4ED72 /* Sources */,
				4F0907E4286839C900C4ED72 /* Frameworks */,
				4F0907E5286839C900C4ED72 /* Resources */,
				3E5B52B88EA02F39CFA8D06E /* [CP] Embed Pods Frameworks */,
			);
			buildRules = (
			);
			dependencies = (
			);
			name = "We are friend";
			packageProductDependencies = (
			);
			productName = "We are friend";
			productReference = 4F0907E7286839C900C4ED72 /* We are friend.app */;
			productType = "com.apple.product-type.application";
		};
/* End PBXNativeTarget section */

/* Begin PBXProject section */
		4F0907DF286839C900C4ED72 /* Project object */ = {
			isa = PBXProject;
			attributes = {
				BuildIndependentTargetsInParallel = 1;
				LastSwiftUpdateCheck = 1340;
				LastUpgradeCheck = 1340;
				TargetAttributes = {
					4F0907E6286839C900C4ED72 = {
						CreatedOnToolsVersion = 13.4.1;
					};
				};
			};
			buildConfigurationList = 4F0907E2286839C900C4ED72 /* Build configuration list for PBXProject "We are friend" */;
			compatibilityVersion = "Xcode 13.0";
			developmentRegion = en;
			hasScannedForEncodings = 0;
			knownRegions = (
				en,
				Base,
			);
			mainGroup = 4F0907DE286839C900C4ED72;
			packageReferences = (
			);
			productRefGroup = 4F0907E8286839C900C4ED72 /* Products */;
			projectDirPath = "";
			projectRoot = "";
			targets = (
				4F0907E6286839C900C4ED72 /* We are friend */,
			);
		};
/* End PBXProject section */

/* Begin PBXResourcesBuildPhase section */
		4F0907E5286839C900C4ED72 /* Resources */ = {
			isa = PBXResourcesBuildPhase;
			buildActionMask = 2147483647;
			files = (
				4FC43641289F5C0D000F2AC8 /* Background2.png in Resources */,
				4F644B2828CD9E9B00196D8E /* GoogleService-Info.plist in Resources */,
				4F2AEBDA289FCAC40052AA5E /* Profile.png in Resources */,
				4F0907F7286839CB00C4ED72 /* LaunchScreen.storyboard in Resources */,
				4F1A703629178B15001532CB /* スクリーンショット 2022-11-06 15.20.39.png in Resources */,
				4F2AEBDC289FCBD20052AA5E /* Notification.png in Resources */,
				4F2AEBD6289FC9BC0052AA5E /* Home.png in Resources */,
				4F0907F4286839CB00C4ED72 /* Assets.xcassets in Resources */,
				4F9621EE2905013400975DD8 /* Mainのコピー.storyboard in Resources */,
				4F0907F2286839C900C4ED72 /* Main.storyboard in Resources */,
			);
			runOnlyForDeploymentPostprocessing = 0;
		};
/* End PBXResourcesBuildPhase section */

/* Begin PBXShellScriptBuildPhase section */
		0F1A6E7E66307B0CA6890D76 /* [CP] Check Pods Manifest.lock */ = {
			isa = PBXShellScriptBuildPhase;
			buildActionMask = 2147483647;
			files = (
			);
			inputFileListPaths = (
			);
			inputPaths = (
				"${PODS_PODFILE_DIR_PATH}/Podfile.lock",
				"${PODS_ROOT}/Manifest.lock",
			);
			name = "[CP] Check Pods Manifest.lock";
			outputFileListPaths = (
			);
			outputPaths = (
				"$(DERIVED_FILE_DIR)/Pods-We are friend-checkManifestLockResult.txt",
			);
			runOnlyForDeploymentPostprocessing = 0;
			shellPath = /bin/sh;
			shellScript = "diff \"${PODS_PODFILE_DIR_PATH}/Podfile.lock\" \"${PODS_ROOT}/Manifest.lock\" > /dev/null\nif [ $? != 0 ] ; then\n    # print error to STDERR\n    echo \"error: The sandbox is not in sync with the Podfile.lock. Run 'pod install' or update your CocoaPods installation.\" >&2\n    exit 1\nfi\n# This output is used by Xcode 'outputs' to avoid re-running this script phase.\necho \"SUCCESS\" > \"${SCRIPT_OUTPUT_FILE_0}\"\n";
			showEnvVarsInLog = 0;
		};
		3E5B52B88EA02F39CFA8D06E /* [CP] Embed Pods Frameworks */ = {
			isa = PBXShellScriptBuildPhase;
			buildActionMask = 2147483647;
			files = (
			);
			inputFileListPaths = (
				"${PODS_ROOT}/Target Support Files/Pods-We are friend/Pods-We are friend-frameworks-${CONFIGURATION}-input-files.xcfilelist",
			);
			name = "[CP] Embed Pods Frameworks";
			outputFileListPaths = (
				"${PODS_ROOT}/Target Support Files/Pods-We are friend/Pods-We are friend-frameworks-${CONFIGURATION}-output-files.xcfilelist",
			);
			runOnlyForDeploymentPostprocessing = 0;
			shellPath = /bin/sh;
			shellScript = "\"${PODS_ROOT}/Target Support Files/Pods-We are friend/Pods-We are friend-frameworks.sh\"\n";
			showEnvVarsInLog = 0;
		};
/* End PBXShellScriptBuildPhase section */

/* Begin PBXSourcesBuildPhase section */
		4F0907E3286839C900C4ED72 /* Sources */ = {
			isa = PBXSourcesBuildPhase;
			buildActionMask = 2147483647;
			files = (
				4F0907EF286839C900C4ED72 /* ViewController.swift in Sources */,
				4F2AEBCA289F82260052AA5E /* UserViewController.swift in Sources */,
				4F2AEBCC289F83EF0052AA5E /* AccountViewController.swift in Sources */,
				4F0907EB286839C900C4ED72 /* AppDelegate.swift in Sources */,
				4F2AEBC6289F697F0052AA5E /* AddViewController.swift in Sources */,
				4F76CACB298F4A3A00453659 /* SteiViewController.swift in Sources */,
				4F0907ED286839C900C4ED72 /* SceneDelegate.swift in Sources */,
				4F2AEBC8289F805D0052AA5E /* PostViewController.swift in Sources */,
				4F01FD4D2929C17000F9766E /* ReplyViewController.swift in Sources */,
				4FE5118A294ED147005E8714 /* CommentViewController.swift in Sources */,
			);
			runOnlyForDeploymentPostprocessing = 0;
		};
/* End PBXSourcesBuildPhase section */

/* Begin PBXVariantGroup section */
		4F0907F0286839C900C4ED72 /* Main.storyboard */ = {
			isa = PBXVariantGroup;
			children = (
				4F0907F1286839C900C4ED72 /* Base */,
			);
			name = Main.storyboard;
			sourceTree = "<group>";
		};
		4F0907F5286839CB00C4ED72 /* LaunchScreen.storyboard */ = {
			isa = PBXVariantGroup;
			children = (
				4F0907F6286839CB00C4ED72 /* Base */,
			);
			name = LaunchScreen.storyboard;
			sourceTree = "<group>";
		};
		4F9621EC2905013300975DD8 /* Mainのコピー.storyboard */ = {
			isa = PBXVariantGroup;
			children = (
				4F9621ED2905013300975DD8 /* Base */,
			);
			name = "Mainのコピー.storyboard";
			sourceTree = "<group>";
		};
/* End PBXVariantGroup section */

/* Begin XCBuildConfiguration section */
		4F0907F9286839CB00C4ED72 /* Debug */ = {
			isa = XCBuildConfiguration;
			buildSettings = {
				ALWAYS_SEARCH_USER_PATHS = NO;
				CLANG_ANALYZER_NONNULL = YES;
				CLANG_ANALYZER_NUMBER_OBJECT_CONVERSION = YES_AGGRESSIVE;
				CLANG_CXX_LANGUAGE_STANDARD = "gnu++17";
				CLANG_ENABLE_MODULES = YES;
				CLANG_ENABLE_OBJC_ARC = YES;
				CLANG_ENABLE_OBJC_WEAK = YES;
				CLANG_WARN_BLOCK_CAPTURE_AUTORELEASING = YES;
				CLANG_WARN_BOOL_CONVERSION = YES;
				CLANG_WARN_COMMA = YES;
				CLANG_WARN_CONSTANT_CONVERSION = YES;
				CLANG_WARN_DEPRECATED_OBJC_IMPLEMENTATIONS = YES;
				CLANG_WARN_DIRECT_OBJC_ISA_USAGE = YES_ERROR;
				CLANG_WARN_DOCUMENTATION_COMMENTS = YES;
				CLANG_WARN_EMPTY_BODY = YES;
				CLANG_WARN_ENUM_CONVERSION = YES;
				CLANG_WARN_INFINITE_RECURSION = YES;
				CLANG_WARN_INT_CONVERSION = YES;
				CLANG_WARN_NON_LITERAL_NULL_CONVERSION = YES;
				CLANG_WARN_OBJC_IMPLICIT_RETAIN_SELF = YES;
				CLANG_WARN_OBJC_LITERAL_CONVERSION = YES;
				CLANG_WARN_OBJC_ROOT_CLASS = YES_ERROR;
				CLANG_WARN_QUOTED_INCLUDE_IN_FRAMEWORK_HEADER = YES;
				CLANG_WARN_RANGE_LOOP_ANALYSIS = YES;
				CLANG_WARN_STRICT_PROTOTYPES = YES;
				CLANG_WARN_SUSPICIOUS_MOVE = YES;
				CLANG_WARN_UNGUARDED_AVAILABILITY = YES_AGGRESSIVE;
				CLANG_WARN_UNREACHABLE_CODE = YES;
				CLANG_WARN__DUPLICATE_METHOD_MATCH = YES;
				COPY_PHASE_STRIP = NO;
				DEBUG_INFORMATION_FORMAT = dwarf;
				ENABLE_STRICT_OBJC_MSGSEND = YES;
				ENABLE_TESTABILITY = YES;
				GCC_C_LANGUAGE_STANDARD = gnu11;
				GCC_DYNAMIC_NO_PIC = NO;
				GCC_NO_COMMON_BLOCKS = YES;
				GCC_OPTIMIZATION_LEVEL = 0;
				GCC_PREPROCESSOR_DEFINITIONS = (
					"DEBUG=1",
					"$(inherited)",
				);
				GCC_WARN_64_TO_32_BIT_CONVERSION = YES;
				GCC_WARN_ABOUT_RETURN_TYPE = YES_ERROR;
				GCC_WARN_UNDECLARED_SELECTOR = YES;
				GCC_WARN_UNINITIALIZED_AUTOS = YES_AGGRESSIVE;
				GCC_WARN_UNUSED_FUNCTION = YES;
				GCC_WARN_UNUSED_VARIABLE = YES;
				IPHONEOS_DEPLOYMENT_TARGET = 15.5;
				MTL_ENABLE_DEBUG_INFO = INCLUDE_SOURCE;
				MTL_FAST_MATH = YES;
				ONLY_ACTIVE_ARCH = YES;
				SDKROOT = iphoneos;
				SWIFT_ACTIVE_COMPILATION_CONDITIONS = DEBUG;
				SWIFT_OPTIMIZATION_LEVEL = "-Onone";
			};
			name = Debug;
		};
		4F0907FA286839CB00C4ED72 /* Release */ = {
			isa = XCBuildConfiguration;
			buildSettings = {
				ALWAYS_SEARCH_USER_PATHS = NO;
				CLANG_ANALYZER_NONNULL = YES;
				CLANG_ANALYZER_NUMBER_OBJECT_CONVERSION = YES_AGGRESSIVE;
				CLANG_CXX_LANGUAGE_STANDARD = "gnu++17";
				CLANG_ENABLE_MODULES = YES;
				CLANG_ENABLE_OBJC_ARC = YES;
				CLANG_ENABLE_OBJC_WEAK = YES;
				CLANG_WARN_BLOCK_CAPTURE_AUTORELEASING = YES;
				CLANG_WARN_BOOL_CONVERSION = YES;
				CLANG_WARN_COMMA = YES;
				CLANG_WARN_CONSTANT_CONVERSION = YES;
				CLANG_WARN_DEPRECATED_OBJC_IMPLEMENTATIONS = YES;
				CLANG_WARN_DIRECT_OBJC_ISA_USAGE = YES_ERROR;
				CLANG_WARN_DOCUMENTATION_COMMENTS = YES;
				CLANG_WARN_EMPTY_BODY = YES;
				CLANG_WARN_ENUM_CONVERSION = YES;
				CLANG_WARN_INFINITE_RECURSION = YES;
				CLANG_WARN_INT_CONVERSION = YES;
				CLANG_WARN_NON_LITERAL_NULL_CONVERSION = YES;
				CLANG_WARN_OBJC_IMPLICIT_RETAIN_SELF = YES;
				CLANG_WARN_OBJC_LITERAL_CONVERSION = YES;
				CLANG_WARN_OBJC_ROOT_CLASS = YES_ERROR;
				CLANG_WARN_QUOTED_INCLUDE_IN_FRAMEWORK_HEADER = YES;
				CLANG_WARN_RANGE_LOOP_ANALYSIS = YES;
				CLANG_WARN_STRICT_PROTOTYPES = YES;
				CLANG_WARN_SUSPICIOUS_MOVE = YES;
				CLANG_WARN_UNGUARDED_AVAILABILITY = YES_AGGRESSIVE;
				CLANG_WARN_UNREACHABLE_CODE = YES;
				CLANG_WARN__DUPLICATE_METHOD_MATCH = YES;
				COPY_PHASE_STRIP = NO;
				DEBUG_INFORMATION_FORMAT = "dwarf-with-dsym";
				ENABLE_NS_ASSERTIONS = NO;
				ENABLE_STRICT_OBJC_MSGSEND = YES;
				GCC_C_LANGUAGE_STANDARD = gnu11;
				GCC_NO_COMMON_BLOCKS = YES;
				GCC_WARN_64_TO_32_BIT_CONVERSION = YES;
				GCC_WARN_ABOUT_RETURN_TYPE = YES_ERROR;
				GCC_WARN_UNDECLARED_SELECTOR = YES;
				GCC_WARN_UNINITIALIZED_AUTOS = YES_AGGRESSIVE;
				GCC_WARN_UNUSED_FUNCTION = YES;
				GCC_WARN_UNUSED_VARIABLE = YES;
				IPHONEOS_DEPLOYMENT_TARGET = 15.5;
				MTL_ENABLE_DEBUG_INFO = NO;
				MTL_FAST_MATH = YES;
				SDKROOT = iphoneos;
				SWIFT_COMPILATION_MODE = wholemodule;
				SWIFT_OPTIMIZATION_LEVEL = "-O";
				VALIDATE_PRODUCT = YES;
			};
			name = Release;
		};
		4F0907FC286839CB00C4ED72 /* Debug */ = {
			isa = XCBuildConfiguration;
			baseConfigurationReference = 5738FE630E960400BA374C9C /* Pods-We are friend.debug.xcconfig */;
			buildSettings = {
				ASSETCATALOG_COMPILER_APPICON_NAME = AppIcon;
				ASSETCATALOG_COMPILER_GLOBAL_ACCENT_COLOR_NAME = AccentColor;
				CODE_SIGN_STYLE = Automatic;
				CURRENT_PROJECT_VERSION = 1;
				DEVELOPMENT_TEAM = 3848253PYM;
				GENERATE_INFOPLIST_FILE = YES;
				INFOPLIST_FILE = "We are friend/Info.plist";
				INFOPLIST_KEY_UIApplicationSupportsIndirectInputEvents = YES;
				INFOPLIST_KEY_UILaunchStoryboardName = LaunchScreen;
				INFOPLIST_KEY_UIMainStoryboardFile = Main;
				INFOPLIST_KEY_UISupportedInterfaceOrientations_iPad = "UIInterfaceOrientationPortrait UIInterfaceOrientationPortraitUpsideDown UIInterfaceOrientationLandscapeLeft UIInterfaceOrientationLandscapeRight";
				INFOPLIST_KEY_UISupportedInterfaceOrientations_iPhone = "UIInterfaceOrientationPortrait UIInterfaceOrientationLandscapeLeft UIInterfaceOrientationLandscapeRight";
				IPHONEOS_DEPLOYMENT_TARGET = 16.1;
				LD_RUNPATH_SEARCH_PATHS = (
					"$(inherited)",
					"@executable_path/Frameworks",
				);
				MARKETING_VERSION = 1.0;
				PRODUCT_BUNDLE_IDENTIFIER = "-------.We-are-friend";
				PRODUCT_NAME = "$(TARGET_NAME)";
				SWIFT_EMIT_LOC_STRINGS = YES;
				SWIFT_VERSION = 5.0;
				TARGETED_DEVICE_FAMILY = "1,2";
			};
			name = Debug;
		};
		4F0907FD286839CB00C4ED72 /* Release */ = {
			isa = XCBuildConfiguration;
			baseConfigurationReference = 15E3EAB78194D25917A96FF2 /* Pods-We are friend.release.xcconfig */;
			buildSettings = {
				ASSETCATALOG_COMPILER_APPICON_NAME = AppIcon;
				ASSETCATALOG_COMPILER_GLOBAL_ACCENT_COLOR_NAME = AccentColor;
				CODE_SIGN_STYLE = Automatic;
				CURRENT_PROJECT_VERSION = 1;
				DEVELOPMENT_TEAM = 3848253PYM;
				GENERATE_INFOPLIST_FILE = YES;
				INFOPLIST_FILE = "We are friend/Info.plist";
				INFOPLIST_KEY_UIApplicationSupportsIndirectInputEvents = YES;
				INFOPLIST_KEY_UILaunchStoryboardName = LaunchScreen;
				INFOPLIST_KEY_UIMainStoryboardFile = Main;
				INFOPLIST_KEY_UISupportedInterfaceOrientations_iPad = "UIInterfaceOrientationPortrait UIInterfaceOrientationPortraitUpsideDown UIInterfaceOrientationLandscapeLeft UIInterfaceOrientationLandscapeRight";
				INFOPLIST_KEY_UISupportedInterfaceOrientations_iPhone = "UIInterfaceOrientationPortrait UIInterfaceOrientationLandscapeLeft UIInterfaceOrientationLandscapeRight";
				IPHONEOS_DEPLOYMENT_TARGET = 16.1;
				LD_RUNPATH_SEARCH_PATHS = (
					"$(inherited)",
					"@executable_path/Frameworks",
				);
				MARKETING_VERSION = 1.0;
				PRODUCT_BUNDLE_IDENTIFIER = "-------.We-are-friend";
				PRODUCT_NAME = "$(TARGET_NAME)";
				SWIFT_EMIT_LOC_STRINGS = YES;
				SWIFT_VERSION = 5.0;
				TARGETED_DEVICE_FAMILY = "1,2";
			};
			name = Release;
		};
/* End XCBuildConfiguration section */

/* Begin XCConfigurationList section */
		4F0907E2286839C900C4ED72 /* Build configuration list for PBXProject "We are friend" */ = {
			isa = XCConfigurationList;
			buildConfigurations = (
				4F0907F9286839CB00C4ED72 /* Debug */,
				4F0907FA286839CB00C4ED72 /* Release */,
			);
			defaultConfigurationIsVisible = 0;
			defaultConfigurationName = Release;
		};
		4F0907FB286839CB00C4ED72 /* Build configuration list for PBXNativeTarget "We are friend" */ = {
			isa = XCConfigurationList;
			buildConfigurations = (
				4F0907FC286839CB00C4ED72 /* Debug */,
				4F0907FD286839CB00C4ED72 /* Release */,
			);
			defaultConfigurationIsVisible = 0;
			defaultConfigurationName = Release;
		};
/* End XCConfigurationList section */
	};
	rootObject = 4F0907DF286839C900C4ED72 /* Project object */;
}
